
Microsoft Visual Studio Solution File, Format Version 12.00
# Visual Studio Version 17
VisualStudioVersion = 17.5.33502.453
MinimumVisualStudioVersion = 10.0.40219.1
Project("{9A19103F-16F7-4668-BE54-9A1E7A4F7556}") = "IdentityBlogApp", "IdentityBlogApp.Web\IdentityBlogApp.csproj", "{56DCC4F6-E39C-499D-807D-0679FB86F276}"
EndProject
Global
	GlobalSection(SolutionConfigurationPlatforms) = preSolution
		Debug|Any CPU = Debug|Any CPU
		Release|Any CPU = Release|Any CPU
	EndGlobalSection
	GlobalSection(ProjectConfigurationPlatforms) = postSolution
		{56DCC4F6-E39C-499D-807D-0679FB86F276}.Debug|Any CPU.ActiveCfg = Debug|Any CPU
		{56DCC4F6-E39C-499D-807D-0679FB86F276}.Debug|Any CPU.Build.0 = Debug|Any CPU
		{56DCC4F6-E39C-499D-807D-0679FB86F276}.Release|Any CPU.ActiveCfg = Release|Any CPU
		{56DCC4F6-E39C-499D-807D-0679FB86F276}.Release|Any CPU.Build.0 = Release|Any CPU
	EndGlobalSection
	GlobalSection(SolutionProperties) = preSolution
		HideSolutionNode = FALSE
	EndGlobalSection
	GlobalSection(ExtensibilityGlobals) = postSolution
		SolutionGuid = {BD805672-81AD-458E-99C4-8BD3A69D86FA}
	EndGlobalSection
EndGlobal
